
Microsoft Visual Studio Solution File, Format Version 12.00
# Visual Studio Version 16
VisualStudioVersion = 16.0.28803.202
MinimumVisualStudioVersion = 10.0.40219.1
Project("{FAE04EC0-301F-11D3-BF4B-00C04F79EFBC}") = "Network", "Plugin.Hooks\Network.csproj", "{8BD1B76C-AB68-40ED-8E45-E5CF2A234C40}"
EndProject
Global
	GlobalSection(SolutionConfigurationPlatforms) = preSolution
		Debug|Any CPU = Debug|Any CPU
		Release|Any CPU = Release|Any CPU
	EndGlobalSection
	GlobalSection(ProjectConfigurationPlatforms) = postSolution
		{8BD1B76C-AB68-40ED-8E45-E5CF2A234C40}.Debug|Any CPU.ActiveCfg = Debug|Any CPU
		{8BD1B76C-AB68-40ED-8E45-E5CF2A234C40}.Debug|Any CPU.Build.0 = Debug|Any CPU
		{8BD1B76C-AB68-40ED-8E45-E5CF2A234C40}.Release|Any CPU.ActiveCfg = Release|Any CPU
		{8BD1B76C-AB68-40ED-8E45-E5CF2A234C40}.Release|Any CPU.Build.0 = Release|Any CPU
	EndGlobalSection
	GlobalSection(SolutionProperties) = preSolution
		HideSolutionNode = FALSE
	EndGlobalSection
	GlobalSection(ExtensibilityGlobals) = postSolution
		SolutionGuid = {AF681777-4A50-43A9-BEBC-61D273F3FC7E}
	EndGlobalSection
EndGlobal
