
Microsoft Visual Studio Solution File, Format Version 12.00
# Visual Studio Version 16
VisualStudioVersion = 16.0.28803.202
MinimumVisualStudioVersion = 10.0.40219.1
Project("{FAE04EC0-301F-11D3-BF4B-00C04F79EFBC}") = "[SKYNET] Net Redirector", "[SKYNET] Net Redirector\[SKYNET] Net Redirector.csproj", "{5A19D7DD-8527-443D-A6D8-4AEA28833823}"
EndProject
Project("{FAE04EC0-301F-11D3-BF4B-00C04F79EFBC}") = "SKYNET.Detour", "SKYNET.Detour\SKYNET.Detour.csproj", "{56E2B77D-34B9-496D-8420-6FFB4B851686}"
EndProject
Global
	GlobalSection(SolutionConfigurationPlatforms) = preSolution
		Debug|Any CPU = Debug|Any CPU
		Release|Any CPU = Release|Any CPU
	EndGlobalSection
	GlobalSection(ProjectConfigurationPlatforms) = postSolution
		{5A19D7DD-8527-443D-A6D8-4AEA28833823}.Debug|Any CPU.ActiveCfg = Debug|Any CPU
		{5A19D7DD-8527-443D-A6D8-4AEA28833823}.Debug|Any CPU.Build.0 = Debug|Any CPU
		{5A19D7DD-8527-443D-A6D8-4AEA28833823}.Release|Any CPU.ActiveCfg = Release|Any CPU
		{5A19D7DD-8527-443D-A6D8-4AEA28833823}.Release|Any CPU.Build.0 = Release|Any CPU
		{56E2B77D-34B9-496D-8420-6FFB4B851686}.Debug|Any CPU.ActiveCfg = Debug|Any CPU
		{56E2B77D-34B9-496D-8420-6FFB4B851686}.Debug|Any CPU.Build.0 = Debug|Any CPU
		{56E2B77D-34B9-496D-8420-6FFB4B851686}.Release|Any CPU.ActiveCfg = Release|Any CPU
		{56E2B77D-34B9-496D-8420-6FFB4B851686}.Release|Any CPU.Build.0 = Release|Any CPU
	EndGlobalSection
	GlobalSection(SolutionProperties) = preSolution
		HideSolutionNode = FALSE
	EndGlobalSection
	GlobalSection(ExtensibilityGlobals) = postSolution
		SolutionGuid = {D3AE970C-ACD5-496E-A1FD-1BED983254A6}
	EndGlobalSection
EndGlobal
